
Microsoft Visual Studio Solution File, Format Version 12.00
Project("{FAE04EC0-301F-11D3-BF4B-00C04F79EFBC}") = "HolySnewy", "HolySnewy\HolySnewy.csproj", "{FAB6A187-B086-4F72-9319-2C347AF6159E}"
EndProject
Global
	GlobalSection(SolutionConfigurationPlatforms) = preSolution
		Debug|Any CPU = Debug|Any CPU
		Release|Any CPU = Release|Any CPU
	EndGlobalSection
	GlobalSection(ProjectConfigurationPlatforms) = postSolution
		{FAB6A187-B086-4F72-9319-2C347AF6159E}.Debug|Any CPU.ActiveCfg = Debug|Any CPU
		{FAB6A187-B086-4F72-9319-2C347AF6159E}.Debug|Any CPU.Build.0 = Debug|Any CPU
		{FAB6A187-B086-4F72-9319-2C347AF6159E}.Release|Any CPU.ActiveCfg = Release|Any CPU
		{FAB6A187-B086-4F72-9319-2C347AF6159E}.Release|Any CPU.Build.0 = Release|Any CPU
	EndGlobalSection
EndGlobal
